
Microsoft Visual Studio Solution File, Format Version 12.00
# Visual Studio Version 16
VisualStudioVersion = 16.0.30611.23
MinimumVisualStudioVersion = 10.0.40219.1
Project("{FAE04EC0-301F-11D3-BF4B-00C04F79EFBC}") = "dotNet5781_00_9893_9832", "dotNet5781_00_9893_9832\dotNet5781_00_9893_9832.csproj", "{7EC799E1-4895-439C-A1CF-C9FBE1F1EEC7}"
EndProject
Project("{FAE04EC0-301F-11D3-BF4B-00C04F79EFBC}") = "dotNet5781_01_9893_9832", "dotNet5781_01_9893_9832\dotNet5781_01_9893_9832\dotNet5781_01_9893_9832.csproj", "{04604F6D-DAE2-4630-B5B9-367BB5F2FBC8}"
EndProject
Project("{FAE04EC0-301F-11D3-BF4B-00C04F79EFBC}") = "dotNet5781_02_9893_9832", "dotNet5781_02_9893_9832\dotNet5781_02_9893_9832.csproj", "{AD2A0848-7C77-4947-A2A5-66A6FE464193}"
EndProject
Project("{FAE04EC0-301F-11D3-BF4B-00C04F79EFBC}") = "dotNet5781_03A_9893_9832", "dotNet5781_03A_9893_9832\dotNet5781_03A_9893_9832.csproj", "{BF00E024-B229-4D6E-9C1D-6B4C5E45A775}"
EndProject
Project("{FAE04EC0-301F-11D3-BF4B-00C04F79EFBC}") = "dotNet5781_03B_9893_9832", "dotNet5781_03B_9893_9832\dotNet5781_03B_9893_9832.csproj", "{F3A606C9-DAAF-40FB-9A6D-F1F102A38C25}"
EndProject
Project("{FAE04EC0-301F-11D3-BF4B-00C04F79EFBC}") = "BL", "BL\BL.csproj", "{C22EF607-6FD9-4ABA-A069-C4AF8F9CE900}"
EndProject
Project("{FAE04EC0-301F-11D3-BF4B-00C04F79EFBC}") = "DS", "DS\DS.csproj", "{F4A6F49C-F3ED-48DE-BEE7-BF9592F3FD73}"
EndProject
Project("{FAE04EC0-301F-11D3-BF4B-00C04F79EFBC}") = "DLAPI", "APIDAL\DLAPI.csproj", "{244F2A9D-770D-49F8-8FF3-8F1BF90C0945}"
EndProject
Project("{FAE04EC0-301F-11D3-BF4B-00C04F79EFBC}") = "DL", "DL\DL.csproj", "{4B913B0C-98EE-40BE-B58A-2BA5EBCB5458}"
EndProject
Project("{2150E333-8FDC-42A3-9474-1A3956D46DE8}") = "item", "item", "{6E9E14A0-E4A1-4C07-A3AE-57D7FBCF63E2}"
	ProjectSection(SolutionItems) = preProject
		bin\config.xml = bin\config.xml
	EndProjectSection
EndProject
Project("{FAE04EC0-301F-11D3-BF4B-00C04F79EFBC}") = "DLObject", "DLObject\DLObject.csproj", "{FC51673F-01B7-4F24-85CD-1495DF617BA2}"
EndProject
Project("{9A19103F-16F7-4668-BE54-9A1E7A4F7556}") = "testConsole", "testConsole\testConsole.csproj", "{701CEB5D-6849-42FC-A70F-CDCE326BD45E}"
EndProject
Project("{FAE04EC0-301F-11D3-BF4B-00C04F79EFBC}") = "PL", "PL\PL.csproj", "{B8D6934A-3CFF-4E2B-8E85-8AB670907D43}"
EndProject
Global
	GlobalSection(SolutionConfigurationPlatforms) = preSolution
		Debug|Any CPU = Debug|Any CPU
		Release|Any CPU = Release|Any CPU
	EndGlobalSection
	GlobalSection(ProjectConfigurationPlatforms) = postSolution
		{7EC799E1-4895-439C-A1CF-C9FBE1F1EEC7}.Debug|Any CPU.ActiveCfg = Debug|Any CPU
		{7EC799E1-4895-439C-A1CF-C9FBE1F1EEC7}.Debug|Any CPU.Build.0 = Debug|Any CPU
		{7EC799E1-4895-439C-A1CF-C9FBE1F1EEC7}.Release|Any CPU.ActiveCfg = Release|Any CPU
		{7EC799E1-4895-439C-A1CF-C9FBE1F1EEC7}.Release|Any CPU.Build.0 = Release|Any CPU
		{04604F6D-DAE2-4630-B5B9-367BB5F2FBC8}.Debug|Any CPU.ActiveCfg = Debug|Any CPU
		{04604F6D-DAE2-4630-B5B9-367BB5F2FBC8}.Debug|Any CPU.Build.0 = Debug|Any CPU
		{04604F6D-DAE2-4630-B5B9-367BB5F2FBC8}.Release|Any CPU.ActiveCfg = Release|Any CPU
		{04604F6D-DAE2-4630-B5B9-367BB5F2FBC8}.Release|Any CPU.Build.0 = Release|Any CPU
		{AD2A0848-7C77-4947-A2A5-66A6FE464193}.Debug|Any CPU.ActiveCfg = Debug|Any CPU
		{AD2A0848-7C77-4947-A2A5-66A6FE464193}.Debug|Any CPU.Build.0 = Debug|Any CPU
		{AD2A0848-7C77-4947-A2A5-66A6FE464193}.Release|Any CPU.ActiveCfg = Release|Any CPU
		{AD2A0848-7C77-4947-A2A5-66A6FE464193}.Release|Any CPU.Build.0 = Release|Any CPU
		{BF00E024-B229-4D6E-9C1D-6B4C5E45A775}.Debug|Any CPU.ActiveCfg = Debug|Any CPU
		{BF00E024-B229-4D6E-9C1D-6B4C5E45A775}.Debug|Any CPU.Build.0 = Debug|Any CPU
		{BF00E024-B229-4D6E-9C1D-6B4C5E45A775}.Release|Any CPU.ActiveCfg = Release|Any CPU
		{BF00E024-B229-4D6E-9C1D-6B4C5E45A775}.Release|Any CPU.Build.0 = Release|Any CPU
		{F3A606C9-DAAF-40FB-9A6D-F1F102A38C25}.Debug|Any CPU.ActiveCfg = Debug|Any CPU
		{F3A606C9-DAAF-40FB-9A6D-F1F102A38C25}.Debug|Any CPU.Build.0 = Debug|Any CPU
		{F3A606C9-DAAF-40FB-9A6D-F1F102A38C25}.Release|Any CPU.ActiveCfg = Release|Any CPU
		{F3A606C9-DAAF-40FB-9A6D-F1F102A38C25}.Release|Any CPU.Build.0 = Release|Any CPU
		{C22EF607-6FD9-4ABA-A069-C4AF8F9CE900}.Debug|Any CPU.ActiveCfg = Debug|Any CPU
		{C22EF607-6FD9-4ABA-A069-C4AF8F9CE900}.Debug|Any CPU.Build.0 = Debug|Any CPU
		{C22EF607-6FD9-4ABA-A069-C4AF8F9CE900}.Release|Any CPU.ActiveCfg = Release|Any CPU
		{C22EF607-6FD9-4ABA-A069-C4AF8F9CE900}.Release|Any CPU.Build.0 = Release|Any CPU
		{F4A6F49C-F3ED-48DE-BEE7-BF9592F3FD73}.Debug|Any CPU.ActiveCfg = Debug|Any CPU
		{F4A6F49C-F3ED-48DE-BEE7-BF9592F3FD73}.Debug|Any CPU.Build.0 = Debug|Any CPU
		{F4A6F49C-F3ED-48DE-BEE7-BF9592F3FD73}.Release|Any CPU.ActiveCfg = Release|Any CPU
		{F4A6F49C-F3ED-48DE-BEE7-BF9592F3FD73}.Release|Any CPU.Build.0 = Release|Any CPU
		{244F2A9D-770D-49F8-8FF3-8F1BF90C0945}.Debug|Any CPU.ActiveCfg = Debug|Any CPU
		{244F2A9D-770D-49F8-8FF3-8F1BF90C0945}.Debug|Any CPU.Build.0 = Debug|Any CPU
		{244F2A9D-770D-49F8-8FF3-8F1BF90C0945}.Release|Any CPU.ActiveCfg = Release|Any CPU
		{244F2A9D-770D-49F8-8FF3-8F1BF90C0945}.Release|Any CPU.Build.0 = Release|Any CPU
		{4B913B0C-98EE-40BE-B58A-2BA5EBCB5458}.Debug|Any CPU.ActiveCfg = Debug|Any CPU
		{4B913B0C-98EE-40BE-B58A-2BA5EBCB5458}.Debug|Any CPU.Build.0 = Debug|Any CPU
		{4B913B0C-98EE-40BE-B58A-2BA5EBCB5458}.Release|Any CPU.ActiveCfg = Release|Any CPU
		{4B913B0C-98EE-40BE-B58A-2BA5EBCB5458}.Release|Any CPU.Build.0 = Release|Any CPU
		{FC51673F-01B7-4F24-85CD-1495DF617BA2}.Debug|Any CPU.ActiveCfg = Debug|Any CPU
		{FC51673F-01B7-4F24-85CD-1495DF617BA2}.Debug|Any CPU.Build.0 = Debug|Any CPU
		{FC51673F-01B7-4F24-85CD-1495DF617BA2}.Release|Any CPU.ActiveCfg = Release|Any CPU
		{FC51673F-01B7-4F24-85CD-1495DF617BA2}.Release|Any CPU.Build.0 = Release|Any CPU
		{701CEB5D-6849-42FC-A70F-CDCE326BD45E}.Debug|Any CPU.ActiveCfg = Debug|Any CPU
		{701CEB5D-6849-42FC-A70F-CDCE326BD45E}.Debug|Any CPU.Build.0 = Debug|Any CPU
		{701CEB5D-6849-42FC-A70F-CDCE326BD45E}.Release|Any CPU.ActiveCfg = Release|Any CPU
		{701CEB5D-6849-42FC-A70F-CDCE326BD45E}.Release|Any CPU.Build.0 = Release|Any CPU
		{B8D6934A-3CFF-4E2B-8E85-8AB670907D43}.Debug|Any CPU.ActiveCfg = Debug|Any CPU
		{B8D6934A-3CFF-4E2B-8E85-8AB670907D43}.Debug|Any CPU.Build.0 = Debug|Any CPU
		{B8D6934A-3CFF-4E2B-8E85-8AB670907D43}.Release|Any CPU.ActiveCfg = Release|Any CPU
		{B8D6934A-3CFF-4E2B-8E85-8AB670907D43}.Release|Any CPU.Build.0 = Release|Any CPU
	EndGlobalSection
	GlobalSection(SolutionProperties) = preSolution
		HideSolutionNode = FALSE
	EndGlobalSection
	GlobalSection(ExtensibilityGlobals) = postSolution
		SolutionGuid = {E8F8CC4D-28A6-45BB-8BBC-3490671D69E8}
	EndGlobalSection
EndGlobal
