
Microsoft Visual Studio Solution File, Format Version 12.00
# Visual Studio Version 16
VisualStudioVersion = 16.0.30611.23
MinimumVisualStudioVersion = 10.0.40219.1
Project("{FAE04EC0-301F-11D3-BF4B-00C04F79EFBC}") = "dotNet5781_00_9893_9832", "dotNet5781_00_9893_9832\dotNet5781_00_9893_9832.csproj", "{7EC799E1-4895-439C-A1CF-C9FBE1F1EEC7}"
EndProject
Global
	GlobalSection(SolutionConfigurationPlatforms) = preSolution
		Debug|Any CPU = Debug|Any CPU
		Release|Any CPU = Release|Any CPU
	EndGlobalSection
	GlobalSection(ProjectConfigurationPlatforms) = postSolution
		{7EC799E1-4895-439C-A1CF-C9FBE1F1EEC7}.Debug|Any CPU.ActiveCfg = Debug|Any CPU
		{7EC799E1-4895-439C-A1CF-C9FBE1F1EEC7}.Debug|Any CPU.Build.0 = Debug|Any CPU
		{7EC799E1-4895-439C-A1CF-C9FBE1F1EEC7}.Release|Any CPU.ActiveCfg = Release|Any CPU
		{7EC799E1-4895-439C-A1CF-C9FBE1F1EEC7}.Release|Any CPU.Build.0 = Release|Any CPU
	EndGlobalSection
	GlobalSection(SolutionProperties) = preSolution
		HideSolutionNode = FALSE
	EndGlobalSection
	GlobalSection(ExtensibilityGlobals) = postSolution
		SolutionGuid = {E8F8CC4D-28A6-45BB-8BBC-3490671D69E8}
	EndGlobalSection
EndGlobal
