
Microsoft Visual Studio Solution File, Format Version 12.00
# Visual Studio Version 16
VisualStudioVersion = 16.0.30611.23
MinimumVisualStudioVersion = 10.0.40219.1
Project("{FAE04EC0-301F-11D3-BF4B-00C04F79EFBC}") = "dotNet5781_01_9893_9832", "dotNet5781_01_9893_9832\dotNet5781_01_9893_9832.csproj", "{04604F6D-DAE2-4630-B5B9-367BB5F2FBC8}"
EndProject
Global
	GlobalSection(SolutionConfigurationPlatforms) = preSolution
		Debug|Any CPU = Debug|Any CPU
		Release|Any CPU = Release|Any CPU
	EndGlobalSection
	GlobalSection(ProjectConfigurationPlatforms) = postSolution
		{04604F6D-DAE2-4630-B5B9-367BB5F2FBC8}.Debug|Any CPU.ActiveCfg = Debug|Any CPU
		{04604F6D-DAE2-4630-B5B9-367BB5F2FBC8}.Debug|Any CPU.Build.0 = Debug|Any CPU
		{04604F6D-DAE2-4630-B5B9-367BB5F2FBC8}.Release|Any CPU.ActiveCfg = Release|Any CPU
		{04604F6D-DAE2-4630-B5B9-367BB5F2FBC8}.Release|Any CPU.Build.0 = Release|Any CPU
	EndGlobalSection
	GlobalSection(SolutionProperties) = preSolution
		HideSolutionNode = FALSE
	EndGlobalSection
	GlobalSection(ExtensibilityGlobals) = postSolution
		SolutionGuid = {1BDAD6B9-187B-4B36-9E4D-CF08880AD9F2}
	EndGlobalSection
EndGlobal
